
Microsoft Visual Studio Solution File, Format Version 12.00
# Visual Studio Version 17
VisualStudioVersion = 17.6.33815.320
MinimumVisualStudioVersion = 10.0.40219.1
Project("{FAE04EC0-301F-11D3-BF4B-00C04F79EFBC}") = "QueryBuilder", "QueryBuilder\QueryBuilder.csproj", "{44FA3432-55F4-457A-B4CA-A17415925E65}"
EndProject
Global
	GlobalSection(SolutionConfigurationPlatforms) = preSolution
		Debug|Any CPU = Debug|Any CPU
		Release|Any CPU = Release|Any CPU
	EndGlobalSection
	GlobalSection(ProjectConfigurationPlatforms) = postSolution
		{44FA3432-55F4-457A-B4CA-A17415925E65}.Debug|Any CPU.ActiveCfg = Debug|Any CPU
		{44FA3432-55F4-457A-B4CA-A17415925E65}.Debug|Any CPU.Build.0 = Debug|Any CPU
		{44FA3432-55F4-457A-B4CA-A17415925E65}.Release|Any CPU.ActiveCfg = Release|Any CPU
		{44FA3432-55F4-457A-B4CA-A17415925E65}.Release|Any CPU.Build.0 = Release|Any CPU
	EndGlobalSection
	GlobalSection(SolutionProperties) = preSolution
		HideSolutionNode = FALSE
	EndGlobalSection
	GlobalSection(ExtensibilityGlobals) = postSolution
		SolutionGuid = {E5F4E87B-31AE-4DD5-BBE1-DE748662E5CC}
	EndGlobalSection
EndGlobal
